// !$*UTF8*$!
{
	archiveVersion = 1;
	classes = {
	};
	objectVersion = 46;
	objects = {

/* Begin PBXBuildFile section */
		6F05D9501B8AEA4C007F9F87 /* main.m in Sources */ = {isa = PBXBuildFile; fileRef = 6F05D94F1B8AEA4C007F9F87 /* main.m */; };
		6F05D9531B8AEA4C007F9F87 /* AppDelegate.m in Sources */ = {isa = PBXBuildFile; fileRef = 6F05D9521B8AEA4C007F9F87 /* AppDelegate.m */; };
		6F05D9561B8AEA4C007F9F87 /* AirplayTV.xcdatamodeld in Sources */ = {isa = PBXBuildFile; fileRef = 6F05D9541B8AEA4C007F9F87 /* AirplayTV.xcdatamodeld */; };
		6F05D9591B8AEA4C007F9F87 /* ViewController.m in Sources */ = {isa = PBXBuildFile; fileRef = 6F05D9581B8AEA4C007F9F87 /* ViewController.m */; };
		6F05D95C1B8AEA4C007F9F87 /* Main.storyboard in Resources */ = {isa = PBXBuildFile; fileRef = 6F05D95A1B8AEA4C007F9F87 /* Main.storyboard */; };
		6F05D95E1B8AEA4C007F9F87 /* Images.xcassets in Resources */ = {isa = PBXBuildFile; fileRef = 6F05D95D1B8AEA4C007F9F87 /* Images.xcassets */; };
		6F05D9611B8AEA4C007F9F87 /* LaunchScreen.xib in Resources */ = {isa = PBXBuildFile; fileRef = 6F05D95F1B8AEA4C007F9F87 /* LaunchScreen.xib */; };
		6F05D96D1B8AEA4C007F9F87 /* AirplayTVTests.m in Sources */ = {isa = PBXBuildFile; fileRef = 6F05D96C1B8AEA4C007F9F87 /* AirplayTVTests.m */; };
		6F05D9771B8AEADD007F9F87 /* localMedia.mp4 in Resources */ = {isa = PBXBuildFile; fileRef = 6F05D9761B8AEADD007F9F87 /* localMedia.mp4 */; };
		6F05D9991B8AF4F1007F9F87 /* Info.plist in Resources */ = {isa = PBXBuildFile; fileRef = 6F05D97F1B8AF4F1007F9F87 /* Info.plist */; };
		6F05D99A1B8AF4F1007F9F87 /* MASCompositeConstraint.m in Sources */ = {isa = PBXBuildFile; fileRef = 6F05D9811B8AF4F1007F9F87 /* MASCompositeConstraint.m */; };
		6F05D99B1B8AF4F1007F9F87 /* MASConstraint.m in Sources */ = {isa = PBXBuildFile; fileRef = 6F05D9841B8AF4F1007F9F87 /* MASConstraint.m */; };
		6F05D99C1B8AF4F1007F9F87 /* MASConstraintMaker.m in Sources */ = {isa = PBXBuildFile; fileRef = 6F05D9861B8AF4F1007F9F87 /* MASConstraintMaker.m */; };
		6F05D99D1B8AF4F1007F9F87 /* MASLayoutConstraint.m in Sources */ = {isa = PBXBuildFile; fileRef = 6F05D9881B8AF4F1007F9F87 /* MASLayoutConstraint.m */; };
		6F05D99E1B8AF4F1007F9F87 /* MASViewAttribute.m in Sources */ = {isa = PBXBuildFile; fileRef = 6F05D98C1B8AF4F1007F9F87 /* MASViewAttribute.m */; };
		6F05D99F1B8AF4F1007F9F87 /* MASViewConstraint.m in Sources */ = {isa = PBXBuildFile; fileRef = 6F05D98E1B8AF4F1007F9F87 /* MASViewConstraint.m */; };
		6F05D9A01B8AF4F1007F9F87 /* NSArray+MASAdditions.m in Sources */ = {isa = PBXBuildFile; fileRef = 6F05D9901B8AF4F1007F9F87 /* NSArray+MASAdditions.m */; };
		6F05D9A11B8AF4F1007F9F87 /* NSLayoutConstraint+MASDebugAdditions.m in Sources */ = {isa = PBXBuildFile; fileRef = 6F05D9931B8AF4F1007F9F87 /* NSLayoutConstraint+MASDebugAdditions.m */; };
		6F05D9A21B8AF4F1007F9F87 /* View+MASAdditions.m in Sources */ = {isa = PBXBuildFile; fileRef = 6F05D9951B8AF4F1007F9F87 /* View+MASAdditions.m */; };
		6F05D9A31B8AF4F1007F9F87 /* ViewController+MASAdditions.m in Sources */ = {isa = PBXBuildFile; fileRef = 6F05D9981B8AF4F1007F9F87 /* ViewController+MASAdditions.m */; };
		6F05D9A61B8AFD11007F9F87 /* VideoView.m in Sources */ = {isa = PBXBuildFile; fileRef = 6F05D9A51B8AFD11007F9F87 /* VideoView.m */; };
/* End PBXBuildFile section */

/* Begin PBXContainerItemProxy section */
		6F05D9671B8AEA4C007F9F87 /* PBXContainerItemProxy */ = {
			isa = PBXContainerItemProxy;
			containerPortal = 6F05D9421B8AEA4B007F9F87 /* Project object */;
			proxyType = 1;
			remoteGlobalIDString = 6F05D9491B8AEA4B007F9F87;
			remoteInfo = AirplayTV;
		};
/* End PBXContainerItemProxy section */

/* Begin PBXFileReference section */
		6F05D94A1B8AEA4B007F9F87 /* AirplayTV.app */ = {isa = PBXFileReference; explicitFileType = wrapper.application; includeInIndex = 0; path = AirplayTV.app; sourceTree = BUILT_PRODUCTS_DIR; };
		6F05D94E1B8AEA4C007F9F87 /* Info.plist */ = {isa = PBXFileReference; lastKnownFileType = text.plist.xml; path = Info.plist; sourceTree = "<group>"; };
		6F05D94F1B8AEA4C007F9F87 /* main.m */ = {isa = PBXFileReference; lastKnownFileType = sourcecode.c.objc; path = main.m; sourceTree = "<group>"; };
		6F05D9511B8AEA4C007F9F87 /* AppDelegate.h */ = {isa = PBXFileReference; lastKnownFileType = sourcecode.c.h; path = AppDelegate.h; sourceTree = "<group>"; };
		6F05D9521B8AEA4C007F9F87 /* AppDelegate.m */ = {isa = PBXFileReference; lastKnownFileType = sourcecode.c.objc; path = AppDelegate.m; sourceTree = "<group>"; };
		6F05D9551B8AEA4C007F9F87 /* AirplayTV.xcdatamodel */ = {isa = PBXFileReference; lastKnownFileType = wrapper.xcdatamodel; path = AirplayTV.xcdatamodel; sourceTree = "<group>"; };
		6F05D9571B8AEA4C007F9F87 /* ViewController.h */ = {isa = PBXFileReference; lastKnownFileType = sourcecode.c.h; path = ViewController.h; sourceTree = "<group>"; };
		6F05D9581B8AEA4C007F9F87 /* ViewController.m */ = {isa = PBXFileReference; lastKnownFileType = sourcecode.c.objc; path = ViewController.m; sourceTree = "<group>"; };
		6F05D95B1B8AEA4C007F9F87 /* Base */ = {isa = PBXFileReference; lastKnownFileType = file.storyboard; name = Base; path = Base.lproj/Main.storyboard; sourceTree = "<group>"; };
		6F05D95D1B8AEA4C007F9F87 /* Images.xcassets */ = {isa = PBXFileReference; lastKnownFileType = folder.assetcatalog; path = Images.xcassets; sourceTree = "<group>"; };
		6F05D9601B8AEA4C007F9F87 /* Base */ = {isa = PBXFileReference; lastKnownFileType = file.xib; name = Base; path = Base.lproj/LaunchScreen.xib; sourceTree = "<group>"; };
		6F05D9661B8AEA4C007F9F87 /* AirplayTVTests.xctest */ = {isa = PBXFileReference; explicitFileType = wrapper.cfbundle; includeInIndex = 0; path = AirplayTVTests.xctest; sourceTree = BUILT_PRODUCTS_DIR; };
		6F05D96B1B8AEA4C007F9F87 /* Info.plist */ = {isa = PBXFileReference; lastKnownFileType = text.plist.xml; path = Info.plist; sourceTree = "<group>"; };
		6F05D96C1B8AEA4C007F9F87 /* AirplayTVTests.m */ = {isa = PBXFileReference; lastKnownFileType = sourcecode.c.objc; path = AirplayTVTests.m; sourceTree = "<group>"; };
		6F05D9761B8AEADD007F9F87 /* localMedia.mp4 */ = {isa = PBXFileReference; lastKnownFileType = file; path = localMedia.mp4; sourceTree = "<group>"; };
		6F05D97F1B8AF4F1007F9F87 /* Info.plist */ = {isa = PBXFileReference; fileEncoding = 4; lastKnownFileType = text.plist.xml; path = Info.plist; sourceTree = "<group>"; };
		6F05D9801B8AF4F1007F9F87 /* MASCompositeConstraint.h */ = {isa = PBXFileReference; fileEncoding = 4; lastKnownFileType = sourcecode.c.h; path = MASCompositeConstraint.h; sourceTree = "<group>"; };
		6F05D9811B8AF4F1007F9F87 /* MASCompositeConstraint.m */ = {isa = PBXFileReference; fileEncoding = 4; lastKnownFileType = sourcecode.c.objc; path = MASCompositeConstraint.m; sourceTree = "<group>"; };
		6F05D9821B8AF4F1007F9F87 /* MASConstraint+Private.h */ = {isa = PBXFileReference; fileEncoding = 4; lastKnownFileType = sourcecode.c.h; path = "MASConstraint+Private.h"; sourceTree = "<group>"; };
		6F05D9831B8AF4F1007F9F87 /* MASConstraint.h */ = {isa = PBXFileReference; fileEncoding = 4; lastKnownFileType = sourcecode.c.h; path = MASConstraint.h; sourceTree = "<group>"; };
		6F05D9841B8AF4F1007F9F87 /* MASConstraint.m */ = {isa = PBXFileReference; fileEncoding = 4; lastKnownFileType = sourcecode.c.objc; path = MASConstraint.m; sourceTree = "<group>"; };
		6F05D9851B8AF4F1007F9F87 /* MASConstraintMaker.h */ = {isa = PBXFileReference; fileEncoding = 4; lastKnownFileType = sourcecode.c.h; path = MASConstraintMaker.h; sourceTree = "<group>"; };
		6F05D9861B8AF4F1007F9F87 /* MASConstraintMaker.m */ = {isa = PBXFileReference; fileEncoding = 4; lastKnownFileType = sourcecode.c.objc; path = MASConstraintMaker.m; sourceTree = "<group>"; };
		6F05D9871B8AF4F1007F9F87 /* MASLayoutConstraint.h */ = {isa = PBXFileReference; fileEncoding = 4; lastKnownFileType = sourcecode.c.h; path = MASLayoutConstraint.h; sourceTree = "<group>"; };
		6F05D9881B8AF4F1007F9F87 /* MASLayoutConstraint.m */ = {isa = PBXFileReference; fileEncoding = 4; lastKnownFileType = sourcecode.c.objc; path = MASLayoutConstraint.m; sourceTree = "<group>"; };
		6F05D9891B8AF4F1007F9F87 /* Masonry.h */ = {isa = PBXFileReference; fileEncoding = 4; lastKnownFileType = sourcecode.c.h; path = Masonry.h; sourceTree = "<group>"; };
		6F05D98A1B8AF4F1007F9F87 /* MASUtilities.h */ = {isa = PBXFileReference; fileEncoding = 4; lastKnownFileType = sourcecode.c.h; path = MASUtilities.h; sourceTree = "<group>"; };
		6F05D98B1B8AF4F1007F9F87 /* MASViewAttribute.h */ = {isa = PBXFileReference; fileEncoding = 4; lastKnownFileType = sourcecode.c.h; path = MASViewAttribute.h; sourceTree = "<group>"; };
		6F05D98C1B8AF4F1007F9F87 /* MASViewAttribute.m */ = {isa = PBXFileReference; fileEncoding = 4; lastKnownFileType = sourcecode.c.objc; path = MASViewAttribute.m; sourceTree = "<group>"; };
		6F05D98D1B8AF4F1007F9F87 /* MASViewConstraint.h */ = {isa = PBXFileReference; fileEncoding = 4; lastKnownFileType = sourcecode.c.h; path = MASViewConstraint.h; sourceTree = "<group>"; };
		6F05D98E1B8AF4F1007F9F87 /* MASViewConstraint.m */ = {isa = PBXFileReference; fileEncoding = 4; lastKnownFileType = sourcecode.c.objc; path = MASViewConstraint.m; sourceTree = "<group>"; };
		6F05D98F1B8AF4F1007F9F87 /* NSArray+MASAdditions.h */ = {isa = PBXFileReference; fileEncoding = 4; lastKnownFileType = sourcecode.c.h; path = "NSArray+MASAdditions.h"; sourceTree = "<group>"; };
		6F05D9901B8AF4F1007F9F87 /* NSArray+MASAdditions.m */ = {isa = PBXFileReference; fileEncoding = 4; lastKnownFileType = sourcecode.c.objc; path = "NSArray+MASAdditions.m"; sourceTree = "<group>"; };
		6F05D9911B8AF4F1007F9F87 /* NSArray+MASShorthandAdditions.h */ = {isa = PBXFileReference; fileEncoding = 4; lastKnownFileType = sourcecode.c.h; path = "NSArray+MASShorthandAdditions.h"; sourceTree = "<group>"; };
		6F05D9921B8AF4F1007F9F87 /* NSLayoutConstraint+MASDebugAdditions.h */ = {isa = PBXFileReference; fileEncoding = 4; lastKnownFileType = sourcecode.c.h; path = "NSLayoutConstraint+MASDebugAdditions.h"; sourceTree = "<group>"; };
		6F05D9931B8AF4F1007F9F87 /* NSLayoutConstraint+MASDebugAdditions.m */ = {isa = PBXFileReference; fileEncoding = 4; lastKnownFileType = sourcecode.c.objc; path = "NSLayoutConstraint+MASDebugAdditions.m"; sourceTree = "<group>"; };
		6F05D9941B8AF4F1007F9F87 /* View+MASAdditions.h */ = {isa = PBXFileReference; fileEncoding = 4; lastKnownFileType = sourcecode.c.h; path = "View+MASAdditions.h"; sourceTree = "<group>"; };
		6F05D9951B8AF4F1007F9F87 /* View+MASAdditions.m */ = {isa = PBXFileReference; fileEncoding = 4; lastKnownFileType = sourcecode.c.objc; path = "View+MASAdditions.m"; sourceTree = "<group>"; };
		6F05D9961B8AF4F1007F9F87 /* View+MASShorthandAdditions.h */ = {isa = PBXFileReference; fileEncoding = 4; lastKnownFileType = sourcecode.c.h; path = "View+MASShorthandAdditions.h"; sourceTree = "<group>"; };
		6F05D9971B8AF4F1007F9F87 /* ViewController+MASAdditions.h */ = {isa = PBXFileReference; fileEncoding = 4; lastKnownFileType = sourcecode.c.h; path = "ViewController+MASAdditions.h"; sourceTree = "<group>"; };
		6F05D9981B8AF4F1007F9F87 /* ViewController+MASAdditions.m */ = {isa = PBXFileReference; fileEncoding = 4; lastKnownFileType = sourcecode.c.objc; path = "ViewController+MASAdditions.m"; sourceTree = "<group>"; };
		6F05D9A41B8AFD11007F9F87 /* VideoView.h */ = {isa = PBXFileReference; fileEncoding = 4; lastKnownFileType = sourcecode.c.h; path = VideoView.h; sourceTree = "<group>"; };
		6F05D9A51B8AFD11007F9F87 /* VideoView.m */ = {isa = PBXFileReference; fileEncoding = 4; lastKnownFileType = sourcecode.c.objc; path = VideoView.m; sourceTree = "<group>"; };
/* End PBXFileReference section */

/* Begin PBXFrameworksBuildPhase section */
		6F05D9471B8AEA4B007F9F87 /* Frameworks */ = {
			isa = PBXFrameworksBuildPhase;
			buildActionMask = 2147483647;
			files = (
			);
			runOnlyForDeploymentPostprocessing = 0;
		};
		6F05D9631B8AEA4C007F9F87 /* Frameworks */ = {
			isa = PBXFrameworksBuildPhase;
			buildActionMask = 2147483647;
			files = (
			);
			runOnlyForDeploymentPostprocessing = 0;
		};
/* End PBXFrameworksBuildPhase section */

/* Begin PBXGroup section */
		6F05D9411B8AEA4B007F9F87 = {
			isa = PBXGroup;
			children = (
				6F05D97E1B8AF4F1007F9F87 /* Masonry */,
				6F05D94C1B8AEA4B007F9F87 /* AirplayTV */,
				6F05D9691B8AEA4C007F9F87 /* AirplayTVTests */,
				6F05D94B1B8AEA4B007F9F87 /* Products */,
			);
			sourceTree = "<group>";
		};
		6F05D94B1B8AEA4B007F9F87 /* Products */ = {
			isa = PBXGroup;
			children = (
				6F05D94A1B8AEA4B007F9F87 /* AirplayTV.app */,
				6F05D9661B8AEA4C007F9F87 /* AirplayTVTests.xctest */,
			);
			name = Products;
			sourceTree = "<group>";
		};
		6F05D94C1B8AEA4B007F9F87 /* AirplayTV */ = {
			isa = PBXGroup;
			children = (
				6F05D9761B8AEADD007F9F87 /* localMedia.mp4 */,
				6F05D9511B8AEA4C007F9F87 /* AppDelegate.h */,
				6F05D9521B8AEA4C007F9F87 /* AppDelegate.m */,
				6F05D9571B8AEA4C007F9F87 /* ViewController.h */,
				6F05D9581B8AEA4C007F9F87 /* ViewController.m */,
				6F05D9A41B8AFD11007F9F87 /* VideoView.h */,
				6F05D9A51B8AFD11007F9F87 /* VideoView.m */,
				6F05D95A1B8AEA4C007F9F87 /* Main.storyboard */,
				6F05D95D1B8AEA4C007F9F87 /* Images.xcassets */,
				6F05D95F1B8AEA4C007F9F87 /* LaunchScreen.xib */,
				6F05D9541B8AEA4C007F9F87 /* AirplayTV.xcdatamodeld */,
				6F05D94D1B8AEA4C007F9F87 /* Supporting Files */,
			);
			path = AirplayTV;
			sourceTree = "<group>";
		};
		6F05D94D1B8AEA4C007F9F87 /* Supporting Files */ = {
			isa = PBXGroup;
			children = (
				6F05D94E1B8AEA4C007F9F87 /* Info.plist */,
				6F05D94F1B8AEA4C007F9F87 /* main.m */,
			);
			name = "Supporting Files";
			sourceTree = "<group>";
		};
		6F05D9691B8AEA4C007F9F87 /* AirplayTVTests */ = {
			isa = PBXGroup;
			children = (
				6F05D96C1B8AEA4C007F9F87 /* AirplayTVTests.m */,
				6F05D96A1B8AEA4C007F9F87 /* Supporting Files */,
			);
			path = AirplayTVTests;
			sourceTree = "<group>";
		};
		6F05D96A1B8AEA4C007F9F87 /* Supporting Files */ = {
			isa = PBXGroup;
			children = (
				6F05D96B1B8AEA4C007F9F87 /* Info.plist */,
			);
			name = "Supporting Files";
			sourceTree = "<group>";
		};
		6F05D97E1B8AF4F1007F9F87 /* Masonry */ = {
			isa = PBXGroup;
			children = (
				6F05D97F1B8AF4F1007F9F87 /* Info.plist */,
				6F05D9801B8AF4F1007F9F87 /* MASCompositeConstraint.h */,
				6F05D9811B8AF4F1007F9F87 /* MASCompositeConstraint.m */,
				6F05D9821B8AF4F1007F9F87 /* MASConstraint+Private.h */,
				6F05D9831B8AF4F1007F9F87 /* MASConstraint.h */,
				6F05D9841B8AF4F1007F9F87 /* MASConstraint.m */,
				6F05D9851B8AF4F1007F9F87 /* MASConstraintMaker.h */,
				6F05D9861B8AF4F1007F9F87 /* MASConstraintMaker.m */,
				6F05D9871B8AF4F1007F9F87 /* MASLayoutConstraint.h */,
				6F05D9881B8AF4F1007F9F87 /* MASLayoutConstraint.m */,
				6F05D9891B8AF4F1007F9F87 /* Masonry.h */,
				6F05D98A1B8AF4F1007F9F87 /* MASUtilities.h */,
				6F05D98B1B8AF4F1007F9F87 /* MASViewAttribute.h */,
				6F05D98C1B8AF4F1007F9F87 /* MASViewAttribute.m */,
				6F05D98D1B8AF4F1007F9F87 /* MASViewConstraint.h */,
				6F05D98E1B8AF4F1007F9F87 /* MASViewConstraint.m */,
				6F05D98F1B8AF4F1007F9F87 /* NSArray+MASAdditions.h */,
				6F05D9901B8AF4F1007F9F87 /* NSArray+MASAdditions.m */,
				6F05D9911B8AF4F1007F9F87 /* NSArray+MASShorthandAdditions.h */,
				6F05D9921B8AF4F1007F9F87 /* NSLayoutConstraint+MASDebugAdditions.h */,
				6F05D9931B8AF4F1007F9F87 /* NSLayoutConstraint+MASDebugAdditions.m */,
				6F05D9941B8AF4F1007F9F87 /* View+MASAdditions.h */,
				6F05D9951B8AF4F1007F9F87 /* View+MASAdditions.m */,
				6F05D9961B8AF4F1007F9F87 /* View+MASShorthandAdditions.h */,
				6F05D9971B8AF4F1007F9F87 /* ViewController+MASAdditions.h */,
				6F05D9981B8AF4F1007F9F87 /* ViewController+MASAdditions.m */,
			);
			path = Masonry;
			sourceTree = "<group>";
		};
/* End PBXGroup section */

/* Begin PBXNativeTarget section */
		6F05D9491B8AEA4B007F9F87 /* AirplayTV */ = {
			isa = PBXNativeTarget;
			buildConfigurationList = 6F05D9701B8AEA4C007F9F87 /* Build configuration list for PBXNativeTarget "AirplayTV" */;
			buildPhases = (
				6F05D9461B8AEA4B007F9F87 /* Sources */,
				6F05D9471B8AEA4B007F9F87 /* Frameworks */,
				6F05D9481B8AEA4B007F9F87 /* Resources */,
			);
			buildRules = (
			);
			dependencies = (
			);
			name = AirplayTV;
			productName = AirplayTV;
			productReference = 6F05D94A1B8AEA4B007F9F87 /* AirplayTV.app */;
			productType = "com.apple.product-type.application";
		};
		6F05D9651B8AEA4C007F9F87 /* AirplayTVTests */ = {
			isa = PBXNativeTarget;
			buildConfigurationList = 6F05D9731B8AEA4C007F9F87 /* Build configuration list for PBXNativeTarget "AirplayTVTests" */;
			buildPhases = (
				6F05D9621B8AEA4C007F9F87 /* Sources */,
				6F05D9631B8AEA4C007F9F87 /* Frameworks */,
				6F05D9641B8AEA4C007F9F87 /* Resources */,
			);
			buildRules = (
			);
			dependencies = (
				6F05D9681B8AEA4C007F9F87 /* PBXTargetDependency */,
			);
			name = AirplayTVTests;
			productName = AirplayTVTests;
			productReference = 6F05D9661B8AEA4C007F9F87 /* AirplayTVTests.xctest */;
			productType = "com.apple.product-type.bundle.unit-test";
		};
/* End PBXNativeTarget section */

/* Begin PBXProject section */
		6F05D9421B8AEA4B007F9F87 /* Project object */ = {
			isa = PBXProject;
			attributes = {
				LastUpgradeCheck = 0640;
				ORGANIZATIONNAME = chedao;
				TargetAttributes = {
					6F05D9491B8AEA4B007F9F87 = {
						CreatedOnToolsVersion = 6.4;
					};
					6F05D9651B8AEA4C007F9F87 = {
						CreatedOnToolsVersion = 6.4;
						TestTargetID = 6F05D9491B8AEA4B007F9F87;
					};
				};
			};
			buildConfigurationList = 6F05D9451B8AEA4B007F9F87 /* Build configuration list for PBXProject "AirplayTV" */;
			compatibilityVersion = "Xcode 3.2";
			developmentRegion = English;
			hasScannedForEncodings = 0;
			knownRegions = (
				en,
				Base,
			);
			mainGroup = 6F05D9411B8AEA4B007F9F87;
			productRefGroup = 6F05D94B1B8AEA4B007F9F87 /* Products */;
			projectDirPath = "";
			projectRoot = "";
			targets = (
				6F05D9491B8AEA4B007F9F87 /* AirplayTV */,
				6F05D9651B8AEA4C007F9F87 /* AirplayTVTests */,
			);
		};
/* End PBXProject section */

/* Begin PBXResourcesBuildPhase section */
		6F05D9481B8AEA4B007F9F87 /* Resources */ = {
			isa = PBXResourcesBuildPhase;
			buildActionMask = 2147483647;
			files = (
				6F05D9771B8AEADD007F9F87 /* localMedia.mp4 in Resources */,
				6F05D95C1B8AEA4C007F9F87 /* Main.storyboard in Resources */,
				6F05D9611B8AEA4C007F9F87 /* LaunchScreen.xib in Resources */,
				6F05D9991B8AF4F1007F9F87 /* Info.plist in Resources */,
				6F05D95E1B8AEA4C007F9F87 /* Images.xcassets in Resources */,
			);
			runOnlyForDeploymentPostprocessing = 0;
		};
		6F05D9641B8AEA4C007F9F87 /* Resources */ = {
			isa = PBXResourcesBuildPhase;
			buildActionMask = 2147483647;
			files = (
			);
			runOnlyForDeploymentPostprocessing = 0;
		};
/* End PBXResourcesBuildPhase section */

/* Begin PBXSourcesBuildPhase section */
		6F05D9461B8AEA4B007F9F87 /* Sources */ = {
			isa = PBXSourcesBuildPhase;
			buildActionMask = 2147483647;
			files = (
				6F05D9A11B8AF4F1007F9F87 /* NSLayoutConstraint+MASDebugAdditions.m in Sources */,
				6F05D9A61B8AFD11007F9F87 /* VideoView.m in Sources */,
				6F05D9531B8AEA4C007F9F87 /* AppDelegate.m in Sources */,
				6F05D99F1B8AF4F1007F9F87 /* MASViewConstraint.m in Sources */,
				6F05D9501B8AEA4C007F9F87 /* main.m in Sources */,
				6F05D9591B8AEA4C007F9F87 /* ViewController.m in Sources */,
				6F05D9561B8AEA4C007F9F87 /* AirplayTV.xcdatamodeld in Sources */,
				6F05D9A21B8AF4F1007F9F87 /* View+MASAdditions.m in Sources */,
				6F05D99A1B8AF4F1007F9F87 /* MASCompositeConstraint.m in Sources */,
				6F05D99E1B8AF4F1007F9F87 /* MASViewAttribute.m in Sources */,
				6F05D99C1B8AF4F1007F9F87 /* MASConstraintMaker.m in Sources */,
				6F05D9A01B8AF4F1007F9F87 /* NSArray+MASAdditions.m in Sources */,
				6F05D9A31B8AF4F1007F9F87 /* ViewController+MASAdditions.m in Sources */,
				6F05D99B1B8AF4F1007F9F87 /* MASConstraint.m in Sources */,
				6F05D99D1B8AF4F1007F9F87 /* MASLayoutConstraint.m in Sources */,
			);
			runOnlyForDeploymentPostprocessing = 0;
		};
		6F05D9621B8AEA4C007F9F87 /* Sources */ = {
			isa = PBXSourcesBuildPhase;
			buildActionMask = 2147483647;
			files = (
				6F05D96D1B8AEA4C007F9F87 /* AirplayTVTests.m in Sources */,
			);
			runOnlyForDeploymentPostprocessing = 0;
		};
/* End PBXSourcesBuildPhase section */

/* Begin PBXTargetDependency section */
		6F05D9681B8AEA4C007F9F87 /* PBXTargetDependency */ = {
			isa = PBXTargetDependency;
			target = 6F05D9491B8AEA4B007F9F87 /* AirplayTV */;
			targetProxy = 6F05D9671B8AEA4C007F9F87 /* PBXContainerItemProxy */;
		};
/* End PBXTargetDependency section */

/* Begin PBXVariantGroup section */
		6F05D95A1B8AEA4C007F9F87 /* Main.storyboard */ = {
			isa = PBXVariantGroup;
			children = (
				6F05D95B1B8AEA4C007F9F87 /* Base */,
			);
			name = Main.storyboard;
			sourceTree = "<group>";
		};
		6F05D95F1B8AEA4C007F9F87 /* LaunchScreen.xib */ = {
			isa = PBXVariantGroup;
			children = (
				6F05D9601B8AEA4C007F9F87 /* Base */,
			);
			name = LaunchScreen.xib;
			sourceTree = "<group>";
		};
/* End PBXVariantGroup section */

/* Begin XCBuildConfiguration section */
		6F05D96E1B8AEA4C007F9F87 /* Debug */ = {
			isa = XCBuildConfiguration;
			buildSettings = {
				ALWAYS_SEARCH_USER_PATHS = NO;
				CLANG_CXX_LANGUAGE_STANDARD = "gnu++0x";
				CLANG_CXX_LIBRARY = "libc++";
				CLANG_ENABLE_MODULES = YES;
				CLANG_ENABLE_OBJC_ARC = YES;
				CLANG_WARN_BOOL_CONVERSION = YES;
				CLANG_WARN_CONSTANT_CONVERSION = YES;
				CLANG_WARN_DIRECT_OBJC_ISA_USAGE = YES_ERROR;
				CLANG_WARN_EMPTY_BODY = YES;
				CLANG_WARN_ENUM_CONVERSION = YES;
				CLANG_WARN_INT_CONVERSION = YES;
				CLANG_WARN_OBJC_ROOT_CLASS = YES_ERROR;
				CLANG_WARN_UNREACHABLE_CODE = YES;
				CLANG_WARN__DUPLICATE_METHOD_MATCH = YES;
				"CODE_SIGN_IDENTITY[sdk=iphoneos*]" = "iPhone Developer";
				COPY_PHASE_STRIP = NO;
				DEBUG_INFORMATION_FORMAT = "dwarf-with-dsym";
				ENABLE_STRICT_OBJC_MSGSEND = YES;
				GCC_C_LANGUAGE_STANDARD = gnu99;
				GCC_DYNAMIC_NO_PIC = NO;
				GCC_NO_COMMON_BLOCKS = YES;
				GCC_OPTIMIZATION_LEVEL = 0;
				GCC_PREPROCESSOR_DEFINITIONS = (
					"DEBUG=1",
					"$(inherited)",
				);
				GCC_SYMBOLS_PRIVATE_EXTERN = NO;
				GCC_WARN_64_TO_32_BIT_CONVERSION = YES;
				GCC_WARN_ABOUT_RETURN_TYPE = YES_ERROR;
				GCC_WARN_UNDECLARED_SELECTOR = YES;
				GCC_WARN_UNINITIALIZED_AUTOS = YES_AGGRESSIVE;
				GCC_WARN_UNUSED_FUNCTION = YES;
				GCC_WARN_UNUSED_VARIABLE = YES;
				IPHONEOS_DEPLOYMENT_TARGET = 8.4;
				MTL_ENABLE_DEBUG_INFO = YES;
				ONLY_ACTIVE_ARCH = YES;
				SDKROOT = iphoneos;
			};
			name = Debug;
		};
		6F05D96F1B8AEA4C007F9F87 /* Release */ = {
			isa = XCBuildConfiguration;
			buildSettings = {
				ALWAYS_SEARCH_USER_PATHS = NO;
				CLANG_CXX_LANGUAGE_STANDARD = "gnu++0x";
				CLANG_CXX_LIBRARY = "libc++";
				CLANG_ENABLE_MODULES = YES;
				CLANG_ENABLE_OBJC_ARC = YES;
				CLANG_WARN_BOOL_CONVERSION = YES;
				CLANG_WARN_CONSTANT_CONVERSION = YES;
				CLANG_WARN_DIRECT_OBJC_ISA_USAGE = YES_ERROR;
				CLANG_WARN_EMPTY_BODY = YES;
				CLANG_WARN_ENUM_CONVERSION = YES;
				CLANG_WARN_INT_CONVERSION = YES;
				CLANG_WARN_OBJC_ROOT_CLASS = YES_ERROR;
				CLANG_WARN_UNREACHABLE_CODE = YES;
				CLANG_WARN__DUPLICATE_METHOD_MATCH = YES;
				"CODE_SIGN_IDENTITY[sdk=iphoneos*]" = "iPhone Developer";
				COPY_PHASE_STRIP = NO;
				DEBUG_INFORMATION_FORMAT = "dwarf-with-dsym";
				ENABLE_NS_ASSERTIONS = NO;
				ENABLE_STRICT_OBJC_MSGSEND = YES;
				GCC_C_LANGUAGE_STANDARD = gnu99;
				GCC_NO_COMMON_BLOCKS = YES;
				GCC_WARN_64_TO_32_BIT_CONVERSION = YES;
				GCC_WARN_ABOUT_RETURN_TYPE = YES_ERROR;
				GCC_WARN_UNDECLARED_SELECTOR = YES;
				GCC_WARN_UNINITIALIZED_AUTOS = YES_AGGRESSIVE;
				GCC_WARN_UNUSED_FUNCTION = YES;
				GCC_WARN_UNUSED_VARIABLE = YES;
				IPHONEOS_DEPLOYMENT_TARGET = 8.4;
				MTL_ENABLE_DEBUG_INFO = NO;
				SDKROOT = iphoneos;
				VALIDATE_PRODUCT = YES;
			};
			name = Release;
		};
		6F05D9711B8AEA4C007F9F87 /* Debug */ = {
			isa = XCBuildConfiguration;
			buildSettings = {
				ASSETCATALOG_COMPILER_APPICON_NAME = AppIcon;
				INFOPLIST_FILE = AirplayTV/Info.plist;
				LD_RUNPATH_SEARCH_PATHS = "$(inherited) @executable_path/Frameworks";
				PRODUCT_NAME = "$(TARGET_NAME)";
			};
			name = Debug;
		};
		6F05D9721B8AEA4C007F9F87 /* Release */ = {
			isa = XCBuildConfiguration;
			buildSettings = {
				ASSETCATALOG_COMPILER_APPICON_NAME = AppIcon;
				INFOPLIST_FILE = AirplayTV/Info.plist;
				LD_RUNPATH_SEARCH_PATHS = "$(inherited) @executable_path/Frameworks";
				PRODUCT_NAME = "$(TARGET_NAME)";
			};
			name = Release;
		};
		6F05D9741B8AEA4C007F9F87 /* Debug */ = {
			isa = XCBuildConfiguration;
			buildSettings = {
				BUNDLE_LOADER = "$(TEST_HOST)";
				FRAMEWORK_SEARCH_PATHS = (
					"$(SDKROOT)/Developer/Library/Frameworks",
					"$(inherited)",
				);
				GCC_PREPROCESSOR_DEFINITIONS = (
					"DEBUG=1",
					"$(inherited)",
				);
				INFOPLIST_FILE = AirplayTVTests/Info.plist;
				LD_RUNPATH_SEARCH_PATHS = "$(inherited) @executable_path/Frameworks @loader_path/Frameworks";
				PRODUCT_NAME = "$(TARGET_NAME)";
				TEST_HOST = "$(BUILT_PRODUCTS_DIR)/AirplayTV.app/AirplayTV";
			};
			name = Debug;
		};
		6F05D9751B8AEA4C007F9F87 /* Release */ = {
			isa = XCBuildConfiguration;
			buildSettings = {
				BUNDLE_LOADER = "$(TEST_HOST)";
				FRAMEWORK_SEARCH_PATHS = (
					"$(SDKROOT)/Developer/Library/Frameworks",
					"$(inherited)",
				);
				INFOPLIST_FILE = AirplayTVTests/Info.plist;
				LD_RUNPATH_SEARCH_PATHS = "$(inherited) @executable_path/Frameworks @loader_path/Frameworks";
				PRODUCT_NAME = "$(TARGET_NAME)";
				TEST_HOST = "$(BUILT_PRODUCTS_DIR)/AirplayTV.app/AirplayTV";
			};
			name = Release;
		};
/* End XCBuildConfiguration section */

/* Begin XCConfigurationList section */
		6F05D9451B8AEA4B007F9F87 /* Build configuration list for PBXProject "AirplayTV" */ = {
			isa = XCConfigurationList;
			buildConfigurations = (
				6F05D96E1B8AEA4C007F9F87 /* Debug */,
				6F05D96F1B8AEA4C007F9F87 /* Release */,
			);
			defaultConfigurationIsVisible = 0;
			defaultConfigurationName = Release;
		};
		6F05D9701B8AEA4C007F9F87 /* Build configuration list for PBXNativeTarget "AirplayTV" */ = {
			isa = XCConfigurationList;
			buildConfigurations = (
				6F05D9711B8AEA4C007F9F87 /* Debug */,
				6F05D9721B8AEA4C007F9F87 /* Release */,
			);
			defaultConfigurationIsVisible = 0;
			defaultConfigurationName = Release;
		};
		6F05D9731B8AEA4C007F9F87 /* Build configuration list for PBXNativeTarget "AirplayTVTests" */ = {
			isa = XCConfigurationList;
			buildConfigurations = (
				6F05D9741B8AEA4C007F9F87 /* Debug */,
				6F05D9751B8AEA4C007F9F87 /* Release */,
			);
			defaultConfigurationIsVisible = 0;
			defaultConfigurationName = Release;
		};
/* End XCConfigurationList section */

/* Begin XCVersionGroup section */
		6F05D9541B8AEA4C007F9F87 /* AirplayTV.xcdatamodeld */ = {
			isa = XCVersionGroup;
			children = (
				6F05D9551B8AEA4C007F9F87 /* AirplayTV.xcdatamodel */,
			);
			currentVersion = 6F05D9551B8AEA4C007F9F87 /* AirplayTV.xcdatamodel */;
			path = AirplayTV.xcdatamodeld;
			sourceTree = "<group>";
			versionGroupType = wrapper.xcdatamodel;
		};
/* End XCVersionGroup section */
	};
	rootObject = 6F05D9421B8AEA4B007F9F87 /* Project object */;
}
